// !$*UTF8*$!
{
	archiveVersion = 1;
	classes = {
	};
	objectVersion = 46;
	objects = {

/* Begin PBXBuildFile section */
		18B125131A4314AD00DC15AB /* main.cpp in Sources */ = {isa = PBXBuildFile; fileRef = 18B125121A4314AD00DC15AB /* main.cpp */; };
		18B1251A1A43166F00DC15AB /* libavcodec.a in Frameworks */ = {isa = PBXBuildFile; fileRef = 18B125191A43166F00DC15AB /* libavcodec.a */; };
		18B125201A4316A400DC15AB /* libavdevice.a in Frameworks */ = {isa = PBXBuildFile; fileRef = 18B1251B1A4316A400DC15AB /* libavdevice.a */; };
		18B125211A4316A400DC15AB /* libavfilter.a in Frameworks */ = {isa = PBXBuildFile; fileRef = 18B1251C1A4316A400DC15AB /* libavfilter.a */; };
		18B125221A4316A400DC15AB /* libavformat.a in Frameworks */ = {isa = PBXBuildFile; fileRef = 18B1251D1A4316A400DC15AB /* libavformat.a */; };
		18B125231A4316A400DC15AB /* libavresample.a in Frameworks */ = {isa = PBXBuildFile; fileRef = 18B1251E1A4316A400DC15AB /* libavresample.a */; };
		18B125241A4316A400DC15AB /* libavutil.a in Frameworks */ = {isa = PBXBuildFile; fileRef = 18B1251F1A4316A400DC15AB /* libavutil.a */; };
		18B125271A4316C600DC15AB /* libswresample.a in Frameworks */ = {isa = PBXBuildFile; fileRef = 18B125251A4316C600DC15AB /* libswresample.a */; };
		18B125281A4316C600DC15AB /* libswscale.a in Frameworks */ = {isa = PBXBuildFile; fileRef = 18B125261A4316C600DC15AB /* libswscale.a */; };
/* End PBXBuildFile section */

/* Begin PBXCopyFilesBuildPhase section */
		18B1250D1A4314AD00DC15AB /* CopyFiles */ = {
			isa = PBXCopyFilesBuildPhase;
			buildActionMask = 2147483647;
			dstPath = /usr/share/man/man1/;
			dstSubfolderSpec = 0;
			files = (
			);
			runOnlyForDeploymentPostprocessing = 1;
		};
/* End PBXCopyFilesBuildPhase section */

/* Begin PBXFileReference section */
		18B1250F1A4314AD00DC15AB /* Filtering */ = {isa = PBXFileReference; explicitFileType = "compiled.mach-o.executable"; includeInIndex = 0; path = Filtering; sourceTree = BUILT_PRODUCTS_DIR; };
		18B125121A4314AD00DC15AB /* main.cpp */ = {isa = PBXFileReference; lastKnownFileType = sourcecode.cpp.cpp; path = main.cpp; sourceTree = "<group>"; };
		18B125191A43166F00DC15AB /* libavcodec.a */ = {isa = PBXFileReference; lastKnownFileType = archive.ar; name = libavcodec.a; path = ../../../../../../usr/local/Cellar/ffmpeg/2.3/lib/libavcodec.a; sourceTree = "<group>"; };
		18B1251B1A4316A400DC15AB /* libavdevice.a */ = {isa = PBXFileReference; lastKnownFileType = archive.ar; name = libavdevice.a; path = ../../../../../../usr/local/Cellar/ffmpeg/2.3/lib/libavdevice.a; sourceTree = "<group>"; };
		18B1251C1A4316A400DC15AB /* libavfilter.a */ = {isa = PBXFileReference; lastKnownFileType = archive.ar; name = libavfilter.a; path = ../../../../../../usr/local/Cellar/ffmpeg/2.3/lib/libavfilter.a; sourceTree = "<group>"; };
		18B1251D1A4316A400DC15AB /* libavformat.a */ = {isa = PBXFileReference; lastKnownFileType = archive.ar; name = libavformat.a; path = ../../../../../../usr/local/Cellar/ffmpeg/2.3/lib/libavformat.a; sourceTree = "<group>"; };
		18B1251E1A4316A400DC15AB /* libavresample.a */ = {isa = PBXFileReference; lastKnownFileType = archive.ar; name = libavresample.a; path = ../../../../../../usr/local/Cellar/ffmpeg/2.3/lib/libavresample.a; sourceTree = "<group>"; };
		18B1251F1A4316A400DC15AB /* libavutil.a */ = {isa = PBXFileReference; lastKnownFileType = archive.ar; name = libavutil.a; path = ../../../../../../usr/local/Cellar/ffmpeg/2.3/lib/libavutil.a; sourceTree = "<group>"; };
		18B125251A4316C600DC15AB /* libswresample.a */ = {isa = PBXFileReference; lastKnownFileType = archive.ar; name = libswresample.a; path = ../../../../../../usr/local/Cellar/ffmpeg/2.3/lib/libswresample.a; sourceTree = "<group>"; };
		18B125261A4316C600DC15AB /* libswscale.a */ = {isa = PBXFileReference; lastKnownFileType = archive.ar; name = libswscale.a; path = ../../../../../../usr/local/Cellar/ffmpeg/2.3/lib/libswscale.a; sourceTree = "<group>"; };
/* End PBXFileReference section */

/* Begin PBXFrameworksBuildPhase section */
		18B1250C1A4314AD00DC15AB /* Frameworks */ = {
			isa = PBXFrameworksBuildPhase;
			buildActionMask = 2147483647;
			files = (
				18B125271A4316C600DC15AB /* libswresample.a in Frameworks */,
				18B125281A4316C600DC15AB /* libswscale.a in Frameworks */,
				18B125201A4316A400DC15AB /* libavdevice.a in Frameworks */,
				18B125211A4316A400DC15AB /* libavfilter.a in Frameworks */,
				18B125221A4316A400DC15AB /* libavformat.a in Frameworks */,
				18B125231A4316A400DC15AB /* libavresample.a in Frameworks */,
				18B125241A4316A400DC15AB /* libavutil.a in Frameworks */,
				18B1251A1A43166F00DC15AB /* libavcodec.a in Frameworks */,
			);
			runOnlyForDeploymentPostprocessing = 0;
		};
/* End PBXFrameworksBuildPhase section */

/* Begin PBXGroup section */
		18B125061A4314AD00DC15AB = {
			isa = PBXGroup;
			children = (
				18B125251A4316C600DC15AB /* libswresample.a */,
				18B125261A4316C600DC15AB /* libswscale.a */,
				18B1251B1A4316A400DC15AB /* libavdevice.a */,
				18B1251C1A4316A400DC15AB /* libavfilter.a */,
				18B1251D1A4316A400DC15AB /* libavformat.a */,
				18B1251E1A4316A400DC15AB /* libavresample.a */,
				18B1251F1A4316A400DC15AB /* libavutil.a */,
				18B125191A43166F00DC15AB /* libavcodec.a */,
				18B125111A4314AD00DC15AB /* Filtering */,
				18B125101A4314AD00DC15AB /* Products */,
			);
			sourceTree = "<group>";
		};
		18B125101A4314AD00DC15AB /* Products */ = {
			isa = PBXGroup;
			children = (
				18B1250F1A4314AD00DC15AB /* Filtering */,
			);
			name = Products;
			sourceTree = "<group>";
		};
		18B125111A4314AD00DC15AB /* Filtering */ = {
			isa = PBXGroup;
			children = (
				18B125121A4314AD00DC15AB /* main.cpp */,
			);
			path = Filtering;
			sourceTree = "<group>";
		};
/* End PBXGroup section */

/* Begin PBXNativeTarget section */
		18B1250E1A4314AD00DC15AB /* Filtering */ = {
			isa = PBXNativeTarget;
			buildConfigurationList = 18B125161A4314AD00DC15AB /* Build configuration list for PBXNativeTarget "Filtering" */;
			buildPhases = (
				18B1250B1A4314AD00DC15AB /* Sources */,
				18B1250C1A4314AD00DC15AB /* Frameworks */,
				18B1250D1A4314AD00DC15AB /* CopyFiles */,
			);
			buildRules = (
			);
			dependencies = (
			);
			name = Filtering;
			productName = Filtering;
			productReference = 18B1250F1A4314AD00DC15AB /* Filtering */;
			productType = "com.apple.product-type.tool";
		};
/* End PBXNativeTarget section */

/* Begin PBXProject section */
		18B125071A4314AD00DC15AB /* Project object */ = {
			isa = PBXProject;
			attributes = {
				LastUpgradeCheck = 0610;
				ORGANIZATIONNAME = gaurav;
				TargetAttributes = {
					18B1250E1A4314AD00DC15AB = {
						CreatedOnToolsVersion = 6.1;
					};
				};
			};
			buildConfigurationList = 18B1250A1A4314AD00DC15AB /* Build configuration list for PBXProject "Filtering" */;
			compatibilityVersion = "Xcode 3.2";
			developmentRegion = English;
			hasScannedForEncodings = 0;
			knownRegions = (
				en,
			);
			mainGroup = 18B125061A4314AD00DC15AB;
			productRefGroup = 18B125101A4314AD00DC15AB /* Products */;
			projectDirPath = "";
			projectRoot = "";
			targets = (
				18B1250E1A4314AD00DC15AB /* Filtering */,
			);
		};
/* End PBXProject section */

/* Begin PBXSourcesBuildPhase section */
		18B1250B1A4314AD00DC15AB /* Sources */ = {
			isa = PBXSourcesBuildPhase;
			buildActionMask = 2147483647;
			files = (
				18B125131A4314AD00DC15AB /* main.cpp in Sources */,
			);
			runOnlyForDeploymentPostprocessing = 0;
		};
/* End PBXSourcesBuildPhase section */

/* Begin XCBuildConfiguration section */
		18B125141A4314AD00DC15AB /* Debug */ = {
			isa = XCBuildConfiguration;
			buildSettings = {
				ALWAYS_SEARCH_USER_PATHS = YES;
				CLANG_CXX_LANGUAGE_STANDARD = "gnu++98";
				CLANG_CXX_LIBRARY = "libstdc++";
				CLANG_ENABLE_MODULES = YES;
				CLANG_ENABLE_OBJC_ARC = YES;
				CLANG_WARN_BOOL_CONVERSION = YES;
				CLANG_WARN_CONSTANT_CONVERSION = YES;
				CLANG_WARN_DIRECT_OBJC_ISA_USAGE = YES_ERROR;
				CLANG_WARN_EMPTY_BODY = YES;
				CLANG_WARN_ENUM_CONVERSION = YES;
				CLANG_WARN_INT_CONVERSION = YES;
				CLANG_WARN_OBJC_ROOT_CLASS = YES_ERROR;
				CLANG_WARN_UNREACHABLE_CODE = YES;
				CLANG_WARN__DUPLICATE_METHOD_MATCH = YES;
				COPY_PHASE_STRIP = NO;
				ENABLE_STRICT_OBJC_MSGSEND = YES;
				GCC_C_LANGUAGE_STANDARD = gnu99;
				GCC_DYNAMIC_NO_PIC = NO;
				GCC_OPTIMIZATION_LEVEL = 0;
				GCC_PREPROCESSOR_DEFINITIONS = (
					"DEBUG=1",
					"$(inherited)",
				);
				GCC_SYMBOLS_PRIVATE_EXTERN = NO;
				GCC_WARN_64_TO_32_BIT_CONVERSION = YES;
				GCC_WARN_ABOUT_RETURN_TYPE = YES_ERROR;
				GCC_WARN_UNDECLARED_SELECTOR = YES;
				GCC_WARN_UNINITIALIZED_AUTOS = YES_AGGRESSIVE;
				GCC_WARN_UNUSED_FUNCTION = YES;
				GCC_WARN_UNUSED_VARIABLE = YES;
				HEADER_SEARCH_PATHS = (
					"$(inherited)",
					/Applications/Xcode.app/Contents/Developer/Toolchains/XcodeDefault.xctoolchain/usr/include,
					/usr/local/include/,
				);
				MACOSX_DEPLOYMENT_TARGET = 10.9;
				MTL_ENABLE_DEBUG_INFO = YES;
				ONLY_ACTIVE_ARCH = YES;
				SDKROOT = macosx;
			};
			name = Debug;
		};
		18B125151A4314AD00DC15AB /* Release */ = {
			isa = XCBuildConfiguration;
			buildSettings = {
				ALWAYS_SEARCH_USER_PATHS = YES;
				CLANG_CXX_LANGUAGE_STANDARD = "gnu++98";
				CLANG_CXX_LIBRARY = "libstdc++";
				CLANG_ENABLE_MODULES = YES;
				CLANG_ENABLE_OBJC_ARC = YES;
				CLANG_WARN_BOOL_CONVERSION = YES;
				CLANG_WARN_CONSTANT_CONVERSION = YES;
				CLANG_WARN_DIRECT_OBJC_ISA_USAGE = YES_ERROR;
				CLANG_WARN_EMPTY_BODY = YES;
				CLANG_WARN_ENUM_CONVERSION = YES;
				CLANG_WARN_INT_CONVERSION = YES;
				CLANG_WARN_OBJC_ROOT_CLASS = YES_ERROR;
				CLANG_WARN_UNREACHABLE_CODE = YES;
				CLANG_WARN__DUPLICATE_METHOD_MATCH = YES;
				COPY_PHASE_STRIP = YES;
				DEBUG_INFORMATION_FORMAT = "dwarf-with-dsym";
				ENABLE_NS_ASSERTIONS = NO;
				ENABLE_STRICT_OBJC_MSGSEND = YES;
				GCC_C_LANGUAGE_STANDARD = gnu99;
				GCC_WARN_64_TO_32_BIT_CONVERSION = YES;
				GCC_WARN_ABOUT_RETURN_TYPE = YES_ERROR;
				GCC_WARN_UNDECLARED_SELECTOR = YES;
				GCC_WARN_UNINITIALIZED_AUTOS = YES_AGGRESSIVE;
				GCC_WARN_UNUSED_FUNCTION = YES;
				GCC_WARN_UNUSED_VARIABLE = YES;
				HEADER_SEARCH_PATHS = (
					"$(inherited)",
					/Applications/Xcode.app/Contents/Developer/Toolchains/XcodeDefault.xctoolchain/usr/include,
					/usr/local/include/,
				);
				MACOSX_DEPLOYMENT_TARGET = 10.9;
				MTL_ENABLE_DEBUG_INFO = NO;
				SDKROOT = macosx;
			};
			name = Release;
		};
		18B125171A4314AD00DC15AB /* Debug */ = {
			isa = XCBuildConfiguration;
			buildSettings = {
				CLANG_CXX_LANGUAGE_STANDARD = "gnu++98";
				LIBRARY_SEARCH_PATHS = /usr/local/Cellar/ffmpeg/2.3/lib;
				PRODUCT_NAME = "$(TARGET_NAME)";
			};
			name = Debug;
		};
		18B125181A4314AD00DC15AB /* Release */ = {
			isa = XCBuildConfiguration;
			buildSettings = {
				CLANG_CXX_LANGUAGE_STANDARD = "gnu++98";
				LIBRARY_SEARCH_PATHS = /usr/local/Cellar/ffmpeg/2.3/lib;
				PRODUCT_NAME = "$(TARGET_NAME)";
			};
			name = Release;
		};
/* End XCBuildConfiguration section */

/* Begin XCConfigurationList section */
		18B1250A1A4314AD00DC15AB /* Build configuration list for PBXProject "Filtering" */ = {
			isa = XCConfigurationList;
			buildConfigurations = (
				18B125141A4314AD00DC15AB /* Debug */,
				18B125151A4314AD00DC15AB /* Release */,
			);
			defaultConfigurationIsVisible = 0;
			defaultConfigurationName = Release;
		};
		18B125161A4314AD00DC15AB /* Build configuration list for PBXNativeTarget "Filtering" */ = {
			isa = XCConfigurationList;
			buildConfigurations = (
				18B125171A4314AD00DC15AB /* Debug */,
				18B125181A4314AD00DC15AB /* Release */,
			);
			defaultConfigurationIsVisible = 0;
		};
/* End XCConfigurationList section */
	};
	rootObject = 18B125071A4314AD00DC15AB /* Project object */;
}
